
Microsoft Visual Studio Solution File, Format Version 12.00
# Visual Studio Version 17
VisualStudioVersion = 17.12.35209.166
MinimumVisualStudioVersion = 10.0.40219.1
Project("{FAE04EC0-301F-11D3-BF4B-00C04F79EFBC}") = "ConsoleAppDll_client", "ConsoleAppDll_client\ConsoleAppDll_client.csproj", "{8B2FB853-1634-4FB9-B63B-1F811606957F}"
EndProject
Global
	GlobalSection(SolutionConfigurationPlatforms) = preSolution
		Debug|Any CPU = Debug|Any CPU
		Debug|x64 = Debug|x64
		Release|Any CPU = Release|Any CPU
		Release|x64 = Release|x64
	EndGlobalSection
	GlobalSection(ProjectConfigurationPlatforms) = postSolution
		{8B2FB853-1634-4FB9-B63B-1F811606957F}.Debug|Any CPU.ActiveCfg = Debug|Any CPU
		{8B2FB853-1634-4FB9-B63B-1F811606957F}.Debug|Any CPU.Build.0 = Debug|Any CPU
		{8B2FB853-1634-4FB9-B63B-1F811606957F}.Debug|x64.ActiveCfg = Debug|x64
		{8B2FB853-1634-4FB9-B63B-1F811606957F}.Debug|x64.Build.0 = Debug|x64
		{8B2FB853-1634-4FB9-B63B-1F811606957F}.Release|Any CPU.ActiveCfg = Release|Any CPU
		{8B2FB853-1634-4FB9-B63B-1F811606957F}.Release|Any CPU.Build.0 = Release|Any CPU
		{8B2FB853-1634-4FB9-B63B-1F811606957F}.Release|x64.ActiveCfg = Release|x64
		{8B2FB853-1634-4FB9-B63B-1F811606957F}.Release|x64.Build.0 = Release|x64
	EndGlobalSection
	GlobalSection(SolutionProperties) = preSolution
		HideSolutionNode = FALSE
	EndGlobalSection
	GlobalSection(ExtensibilityGlobals) = postSolution
		SolutionGuid = {646FA05A-A67F-45AB-B624-55DAE69949D7}
	EndGlobalSection
EndGlobal
